
Microsoft Visual Studio Solution File, Format Version 12.00
# Visual Studio 15
VisualStudioVersion = 15.0.27703.2042
MinimumVisualStudioVersion = 10.0.40219.1
Project("{FAE04EC0-301F-11D3-BF4B-00C04F79EFBC}") = "Vidly", "Vidly\Vidly.csproj", "{873A9A7C-E525-497E-891E-D5429F75E98D}"
EndProject
Global
	GlobalSection(SolutionConfigurationPlatforms) = preSolution
		Debug|Any CPU = Debug|Any CPU
		Release|Any CPU = Release|Any CPU
	EndGlobalSection
	GlobalSection(ProjectConfigurationPlatforms) = postSolution
		{873A9A7C-E525-497E-891E-D5429F75E98D}.Debug|Any CPU.ActiveCfg = Debug|Any CPU
		{873A9A7C-E525-497E-891E-D5429F75E98D}.Debug|Any CPU.Build.0 = Debug|Any CPU
		{873A9A7C-E525-497E-891E-D5429F75E98D}.Release|Any CPU.ActiveCfg = Release|Any CPU
		{873A9A7C-E525-497E-891E-D5429F75E98D}.Release|Any CPU.Build.0 = Release|Any CPU
	EndGlobalSection
	GlobalSection(SolutionProperties) = preSolution
		HideSolutionNode = FALSE
	EndGlobalSection
	GlobalSection(ExtensibilityGlobals) = postSolution
		SolutionGuid = {EE380A56-1F4E-4556-8688-554A71C4BF6B}
	EndGlobalSection
EndGlobal
